// !$*UTF8*$!
{
	archiveVersion = 1;
	classes = {
	};
	objectVersion = 77;
	objects = {

/* Begin PBXBuildFile section */
		CBAC72BF2E5B576900234EA8 /* WidgetKit.framework in Frameworks */ = {isa = PBXBuildFile; fileRef = CBAC72BE2E5B576900234EA8 /* WidgetKit.framework */; };
		CBAC72C12E5B576900234EA8 /* SwiftUI.framework in Frameworks */ = {isa = PBXBuildFile; fileRef = CBAC72C02E5B576900234EA8 /* SwiftUI.framework */; };
		CBAC72D02E5B576B00234EA8 /* FocusPlusWidgetExtension.appex in Embed Foundation Extensions */ = {isa = PBXBuildFile; fileRef = CBAC72BC2E5B576900234EA8 /* FocusPlusWidgetExtension.appex */; settings = {ATTRIBUTES = (RemoveHeadersOnCopy, ); }; };
/* End PBXBuildFile section */

/* Begin PBXContainerItemProxy section */
		CB32C5F62E57E1F4006FFB48 /* PBXContainerItemProxy */ = {
			isa = PBXContainerItemProxy;
			containerPortal = CB32C5D82E57E1F2006FFB48 /* Project object */;
			proxyType = 1;
			remoteGlobalIDString = CB32C5DF2E57E1F2006FFB48;
			remoteInfo = FocusPlus;
		};
		CB32C6002E57E1F5006FFB48 /* PBXContainerItemProxy */ = {
			isa = PBXContainerItemProxy;
			containerPortal = CB32C5D82E57E1F2006FFB48 /* Project object */;
			proxyType = 1;
			remoteGlobalIDString = CB32C5DF2E57E1F2006FFB48;
			remoteInfo = FocusPlus;
		};
		CBAC72CE2E5B576B00234EA8 /* PBXContainerItemProxy */ = {
			isa = PBXContainerItemProxy;
			containerPortal = CB32C5D82E57E1F2006FFB48 /* Project object */;
			proxyType = 1;
			remoteGlobalIDString = CBAC72BB2E5B576900234EA8;
			remoteInfo = FocusPlusWidgetExtension;
		};
/* End PBXContainerItemProxy section */

/* Begin PBXCopyFilesBuildPhase section */
		CBAC72D12E5B576B00234EA8 /* Embed Foundation Extensions */ = {
			isa = PBXCopyFilesBuildPhase;
			buildActionMask = 2147483647;
			dstPath = "";
			dstSubfolderSpec = 13;
			files = (
				CBAC72D02E5B576B00234EA8 /* FocusPlusWidgetExtension.appex in Embed Foundation Extensions */,
			);
			name = "Embed Foundation Extensions";
			runOnlyForDeploymentPostprocessing = 0;
		};
/* End PBXCopyFilesBuildPhase section */

/* Begin PBXFileReference section */
		CB32C5E02E57E1F2006FFB48 /* FocusPlus.app */ = {isa = PBXFileReference; explicitFileType = wrapper.application; includeInIndex = 0; path = FocusPlus.app; sourceTree = BUILT_PRODUCTS_DIR; };
		CB32C5F52E57E1F4006FFB48 /* FocusPlusTests.xctest */ = {isa = PBXFileReference; explicitFileType = wrapper.cfbundle; includeInIndex = 0; path = FocusPlusTests.xctest; sourceTree = BUILT_PRODUCTS_DIR; };
		CB32C5FF2E57E1F5006FFB48 /* FocusPlusUITests.xctest */ = {isa = PBXFileReference; explicitFileType = wrapper.cfbundle; includeInIndex = 0; path = FocusPlusUITests.xctest; sourceTree = BUILT_PRODUCTS_DIR; };
		CBAC72BC2E5B576900234EA8 /* FocusPlusWidgetExtension.appex */ = {isa = PBXFileReference; explicitFileType = "wrapper.app-extension"; includeInIndex = 0; path = FocusPlusWidgetExtension.appex; sourceTree = BUILT_PRODUCTS_DIR; };
		CBAC72BE2E5B576900234EA8 /* WidgetKit.framework */ = {isa = PBXFileReference; lastKnownFileType = wrapper.framework; name = WidgetKit.framework; path = System/Library/Frameworks/WidgetKit.framework; sourceTree = SDKROOT; };
		CBAC72C02E5B576900234EA8 /* SwiftUI.framework */ = {isa = PBXFileReference; lastKnownFileType = wrapper.framework; name = SwiftUI.framework; path = System/Library/Frameworks/SwiftUI.framework; sourceTree = SDKROOT; };

/* End PBXFileReference section */

/* Begin PBXFileSystemSynchronizedBuildFileExceptionSet section */
		CBAC72D42E5B576B00234EA8 /* Exceptions for "FocusPlusWidget" folder in "FocusPlusWidgetExtension" target */ = {
			isa = PBXFileSystemSynchronizedBuildFileExceptionSet;
			membershipExceptions = (
				Info.plist,
			);
			target = CBAC72BB2E5B576900234EA8 /* FocusPlusWidgetExtension */;
		};
/* End PBXFileSystemSynchronizedBuildFileExceptionSet section */

/* Begin PBXFileSystemSynchronizedRootGroup section */
		CB32C5E22E57E1F2006FFB48 /* FocusPlus */ = {
			isa = PBXFileSystemSynchronizedRootGroup;
			path = FocusPlus;
			sourceTree = "<group>";
		};
		CB32C5F82E57E1F4006FFB48 /* FocusPlusTests */ = {
			isa = PBXFileSystemSynchronizedRootGroup;
			path = FocusPlusTests;
			sourceTree = "<group>";
		};
		CB32C6022E57E1F5006FFB48 /* FocusPlusUITests */ = {
			isa = PBXFileSystemSynchronizedRootGroup;
			path = FocusPlusUITests;
			sourceTree = "<group>";
		};
		CBAC72C22E5B576900234EA8 /* FocusPlusWidget */ = {
			isa = PBXFileSystemSynchronizedRootGroup;
			exceptions = (
				CBAC72D42E5B576B00234EA8 /* Exceptions for "FocusPlusWidget" folder in "FocusPlusWidgetExtension" target */,
			);
			path = FocusPlusWidget;
			sourceTree = "<group>";
		};
/* End PBXFileSystemSynchronizedRootGroup section */

/* Begin PBXFrameworksBuildPhase section */
		CB32C5DD2E57E1F2006FFB48 /* Frameworks */ = {
			isa = PBXFrameworksBuildPhase;
			buildActionMask = 2147483647;
			files = (
			);
			runOnlyForDeploymentPostprocessing = 0;
		};
		CB32C5F22E57E1F4006FFB48 /* Frameworks */ = {
			isa = PBXFrameworksBuildPhase;
			buildActionMask = 2147483647;
			files = (
			);
			runOnlyForDeploymentPostprocessing = 0;
		};
		CB32C5FC2E57E1F5006FFB48 /* Frameworks */ = {
			isa = PBXFrameworksBuildPhase;
			buildActionMask = 2147483647;
			files = (
			);
			runOnlyForDeploymentPostprocessing = 0;
		};
		CBAC72B92E5B576900234EA8 /* Frameworks */ = {
			isa = PBXFrameworksBuildPhase;
			buildActionMask = 2147483647;
			files = (
				CBAC72C12E5B576900234EA8 /* SwiftUI.framework in Frameworks */,
				CBAC72BF2E5B576900234EA8 /* WidgetKit.framework in Frameworks */,
			);
			runOnlyForDeploymentPostprocessing = 0;
		};
/* End PBXFrameworksBuildPhase section */

/* Begin PBXGroup section */
		CB32C5D72E57E1F2006FFB48 = {
			isa = PBXGroup;
			children = (
				CB32C5E22E57E1F2006FFB48 /* FocusPlus */,
				CB32C5F82E57E1F4006FFB48 /* FocusPlusTests */,
				CB32C6022E57E1F5006FFB48 /* FocusPlusUITests */,
				CBAC72C22E5B576900234EA8 /* FocusPlusWidget */,
				CBAC72BD2E5B576900234EA8 /* Frameworks */,
				CB32C5E12E57E1F2006FFB48 /* Products */,
			);
			sourceTree = "<group>";
		};
		CB32C5E12E57E1F2006FFB48 /* Products */ = {
			isa = PBXGroup;
			children = (
				CB32C5E02E57E1F2006FFB48 /* FocusPlus.app */,
				CB32C5F52E57E1F4006FFB48 /* FocusPlusTests.xctest */,
				CB32C5FF2E57E1F5006FFB48 /* FocusPlusUITests.xctest */,
				CBAC72BC2E5B576900234EA8 /* FocusPlusWidgetExtension.appex */,
			);
			name = Products;
			sourceTree = "<group>";
		};
		CBAC72BD2E5B576900234EA8 /* Frameworks */ = {
			isa = PBXGroup;
			children = (
				CBAC72BE2E5B576900234EA8 /* WidgetKit.framework */,
				CBAC72C02E5B576900234EA8 /* SwiftUI.framework */,
			);
			name = Frameworks;
			sourceTree = "<group>";
		};
/* End PBXGroup section */

/* Begin PBXNativeTarget section */
		CB32C5DF2E57E1F2006FFB48 /* FocusPlus */ = {
			isa = PBXNativeTarget;
			buildConfigurationList = CB32C6092E57E1F5006FFB48 /* Build configuration list for PBXNativeTarget "FocusPlus" */;
			buildPhases = (
				CB32C5DC2E57E1F2006FFB48 /* Sources */,
				CB32C5DD2E57E1F2006FFB48 /* Frameworks */,
				CB32C5DE2E57E1F2006FFB48 /* Resources */,
				CBAC72D12E5B576B00234EA8 /* Embed Foundation Extensions */,
			);
			buildRules = (
			);
			dependencies = (
				CBAC72CF2E5B576B00234EA8 /* PBXTargetDependency */,
			);
			fileSystemSynchronizedGroups = (
				CB32C5E22E57E1F2006FFB48 /* FocusPlus */,
			);
			name = FocusPlus;
			packageProductDependencies = (
			);
			productName = FocusPlus;
			productReference = CB32C5E02E57E1F2006FFB48 /* FocusPlus.app */;
			productType = "com.apple.product-type.application";
		};
		CB32C5F42E57E1F4006FFB48 /* FocusPlusTests */ = {
			isa = PBXNativeTarget;
			buildConfigurationList = CB32C60C2E57E1F5006FFB48 /* Build configuration list for PBXNativeTarget "FocusPlusTests" */;
			buildPhases = (
				CB32C5F12E57E1F4006FFB48 /* Sources */,
				CB32C5F22E57E1F4006FFB48 /* Frameworks */,
				CB32C5F32E57E1F4006FFB48 /* Resources */,
			);
			buildRules = (
			);
			dependencies = (
				CB32C5F72E57E1F4006FFB48 /* PBXTargetDependency */,
			);
			fileSystemSynchronizedGroups = (
				CB32C5F82E57E1F4006FFB48 /* FocusPlusTests */,
			);
			name = FocusPlusTests;
			packageProductDependencies = (
			);
			productName = FocusPlusTests;
			productReference = CB32C5F52E57E1F4006FFB48 /* FocusPlusTests.xctest */;
			productType = "com.apple.product-type.bundle.unit-test";
		};
		CB32C5FE2E57E1F5006FFB48 /* FocusPlusUITests */ = {
			isa = PBXNativeTarget;
			buildConfigurationList = CB32C60F2E57E1F5006FFB48 /* Build configuration list for PBXNativeTarget "FocusPlusUITests" */;
			buildPhases = (
				CB32C5FB2E57E1F5006FFB48 /* Sources */,
				CB32C5FC2E57E1F5006FFB48 /* Frameworks */,
				CB32C5FD2E57E1F5006FFB48 /* Resources */,
			);
			buildRules = (
			);
			dependencies = (
				CB32C6012E57E1F5006FFB48 /* PBXTargetDependency */,
			);
			fileSystemSynchronizedGroups = (
				CB32C6022E57E1F5006FFB48 /* FocusPlusUITests */,
			);
			name = FocusPlusUITests;
			packageProductDependencies = (
			);
			productName = FocusPlusUITests;
			productReference = CB32C5FF2E57E1F5006FFB48 /* FocusPlusUITests.xctest */;
			productType = "com.apple.product-type.bundle.ui-testing";
		};
		CBAC72BB2E5B576900234EA8 /* FocusPlusWidgetExtension */ = {
			isa = PBXNativeTarget;
			buildConfigurationList = CBAC72D52E5B576B00234EA8 /* Build configuration list for PBXNativeTarget "FocusPlusWidgetExtension" */;
			buildPhases = (
				CBAC72B82E5B576900234EA8 /* Sources */,
				CBAC72B92E5B576900234EA8 /* Frameworks */,
				CBAC72BA2E5B576900234EA8 /* Resources */,
			);
			buildRules = (
			);
			dependencies = (
			);
			fileSystemSynchronizedGroups = (
				CBAC72C22E5B576900234EA8 /* FocusPlusWidget */,
			);
			name = FocusPlusWidgetExtension;
			packageProductDependencies = (
			);
			productName = FocusPlusWidgetExtension;
			productReference = CBAC72BC2E5B576900234EA8 /* FocusPlusWidgetExtension.appex */;
			productType = "com.apple.product-type.app-extension";
		};
/* End PBXNativeTarget section */

/* Begin PBXProject section */
		CB32C5D82E57E1F2006FFB48 /* Project object */ = {
			isa = PBXProject;
			attributes = {
				BuildIndependentTargetsInParallel = 1;
				LastSwiftUpdateCheck = 1620;
				LastUpgradeCheck = 1620;
				TargetAttributes = {
					CB32C5DF2E57E1F2006FFB48 = {
						CreatedOnToolsVersion = 16.2;
					};
					CB32C5F42E57E1F4006FFB48 = {
						CreatedOnToolsVersion = 16.2;
						TestTargetID = CB32C5DF2E57E1F2006FFB48;
					};
					CB32C5FE2E57E1F5006FFB48 = {
						CreatedOnToolsVersion = 16.2;
						TestTargetID = CB32C5DF2E57E1F2006FFB48;
					};
					CBAC72BB2E5B576900234EA8 = {
						CreatedOnToolsVersion = 16.2;
					};
				};
			};
			buildConfigurationList = CB32C5DB2E57E1F2006FFB48 /* Build configuration list for PBXProject "FocusPlus" */;
			developmentRegion = en;
			hasScannedForEncodings = 0;
			knownRegions = (
				en,
				Base,
			);
			mainGroup = CB32C5D72E57E1F2006FFB48;
			minimizedProjectReferenceProxies = 1;
			preferredProjectObjectVersion = 77;
			productRefGroup = CB32C5E12E57E1F2006FFB48 /* Products */;
			projectDirPath = "";
			projectRoot = "";
			targets = (
				CB32C5DF2E57E1F2006FFB48 /* FocusPlus */,
				CB32C5F42E57E1F4006FFB48 /* FocusPlusTests */,
				CB32C5FE2E57E1F5006FFB48 /* FocusPlusUITests */,
				CBAC72BB2E5B576900234EA8 /* FocusPlusWidgetExtension */,
			);
		};
/* End PBXProject section */

/* Begin PBXResourcesBuildPhase section */
		CB32C5DE2E57E1F2006FFB48 /* Resources */ = {
			isa = PBXResourcesBuildPhase;
			buildActionMask = 2147483647;
			files = (
			);
			runOnlyForDeploymentPostprocessing = 0;
		};
		CB32C5F32E57E1F4006FFB48 /* Resources */ = {
			isa = PBXResourcesBuildPhase;
			buildActionMask = 2147483647;
			files = (
			);
			runOnlyForDeploymentPostprocessing = 0;
		};
		CB32C5FD2E57E1F5006FFB48 /* Resources */ = {
			isa = PBXResourcesBuildPhase;
			buildActionMask = 2147483647;
			files = (
			);
			runOnlyForDeploymentPostprocessing = 0;
		};
		CBAC72BA2E5B576900234EA8 /* Resources */ = {
			isa = PBXResourcesBuildPhase;
			buildActionMask = 2147483647;
			files = (
			);
			runOnlyForDeploymentPostprocessing = 0;
		};
/* End PBXResourcesBuildPhase section */

/* Begin PBXSourcesBuildPhase section */
		CB32C5DC2E57E1F2006FFB48 /* Sources */ = {
			isa = PBXSourcesBuildPhase;
			buildActionMask = 2147483647;
			files = (
			);
			runOnlyForDeploymentPostprocessing = 0;
		};
		CB32C5F12E57E1F4006FFB48 /* Sources */ = {
			isa = PBXSourcesBuildPhase;
			buildActionMask = 2147483647;
			files = (
			);
			runOnlyForDeploymentPostprocessing = 0;
		};
		CB32C5FB2E57E1F5006FFB48 /* Sources */ = {
			isa = PBXSourcesBuildPhase;
			buildActionMask = 2147483647;
			files = (
			);
			runOnlyForDeploymentPostprocessing = 0;
		};
		CBAC72B82E5B576900234EA8 /* Sources */ = {
			isa = PBXSourcesBuildPhase;
			buildActionMask = 2147483647;
			files = (
			);
			runOnlyForDeploymentPostprocessing = 0;
		};
/* End PBXSourcesBuildPhase section */

/* Begin PBXTargetDependency section */
		CB32C5F72E57E1F4006FFB48 /* PBXTargetDependency */ = {
			isa = PBXTargetDependency;
			target = CB32C5DF2E57E1F2006FFB48 /* FocusPlus */;
			targetProxy = CB32C5F62E57E1F4006FFB48 /* PBXContainerItemProxy */;
		};
		CB32C6012E57E1F5006FFB48 /* PBXTargetDependency */ = {
			isa = PBXTargetDependency;
			target = CB32C5DF2E57E1F2006FFB48 /* FocusPlus */;
			targetProxy = CB32C6002E57E1F5006FFB48 /* PBXContainerItemProxy */;
		};
		CBAC72CF2E5B576B00234EA8 /* PBXTargetDependency */ = {
			isa = PBXTargetDependency;
			target = CBAC72BB2E5B576900234EA8 /* FocusPlusWidgetExtension */;
			targetProxy = CBAC72CE2E5B576B00234EA8 /* PBXContainerItemProxy */;
		};
/* End PBXTargetDependency section */

/* Begin XCBuildConfiguration section */
		CB32C6072E57E1F5006FFB48 /* Debug */ = {
			isa = XCBuildConfiguration;
			buildSettings = {
				ALWAYS_SEARCH_USER_PATHS = NO;
				ASSETCATALOG_COMPILER_GENERATE_SWIFT_ASSET_SYMBOL_EXTENSIONS = YES;
				CLANG_ANALYZER_NONNULL = YES;
				CLANG_ANALYZER_NUMBER_OBJECT_CONVERSION = YES_AGGRESSIVE;
				CLANG_CXX_LANGUAGE_STANDARD = "gnu++20";
				CLANG_ENABLE_MODULES = YES;
				CLANG_ENABLE_OBJC_ARC = YES;
				CLANG_ENABLE_OBJC_WEAK = YES;
				CLANG_WARN_BLOCK_CAPTURE_AUTORELEASING = YES;
				CLANG_WARN_BOOL_CONVERSION = YES;
				CLANG_WARN_COMMA = YES;
				CLANG_WARN_CONSTANT_CONVERSION = YES;
				CLANG_WARN_DEPRECATED_OBJC_IMPLEMENTATIONS = YES;
				CLANG_WARN_DIRECT_OBJC_ISA_USAGE = YES_ERROR;
				CLANG_WARN_DOCUMENTATION_COMMENTS = YES;
				CLANG_WARN_EMPTY_BODY = YES;
				CLANG_WARN_ENUM_CONVERSION = YES;
				CLANG_WARN_INFINITE_RECURSION = YES;
				CLANG_WARN_INT_CONVERSION = YES;
				CLANG_WARN_NON_LITERAL_NULL_CONVERSION = YES;
				CLANG_WARN_OBJC_IMPLICIT_RETAIN_SELF = YES;
				CLANG_WARN_OBJC_LITERAL_CONVERSION = YES;
				CLANG_WARN_OBJC_ROOT_CLASS = YES_ERROR;
				CLANG_WARN_QUOTED_INCLUDE_IN_FRAMEWORK_HEADER = YES;
				CLANG_WARN_RANGE_LOOP_ANALYSIS = YES;
				CLANG_WARN_STRICT_PROTOTYPES = YES;
				CLANG_WARN_SUSPICIOUS_MOVE = YES;
				CLANG_WARN_UNGUARDED_AVAILABILITY = YES_AGGRESSIVE;
				CLANG_WARN_UNREACHABLE_CODE = YES;
				CLANG_WARN__DUPLICATE_METHOD_MATCH = YES;
				COPY_PHASE_STRIP = NO;
				DEBUG_INFORMATION_FORMAT = dwarf;
				ENABLE_STRICT_OBJC_MSGSEND = YES;
				ENABLE_TESTABILITY = YES;
				ENABLE_USER_SCRIPT_SANDBOXING = YES;
				GCC_C_LANGUAGE_STANDARD = gnu17;
				GCC_DYNAMIC_NO_PIC = NO;
				GCC_NO_COMMON_BLOCKS = YES;
				GCC_OPTIMIZATION_LEVEL = 0;
				GCC_PREPROCESSOR_DEFINITIONS = (
					"DEBUG=1",
					"$(inherited)",
				);
				GCC_WARN_64_TO_32_BIT_CONVERSION = YES;
				GCC_WARN_ABOUT_RETURN_TYPE = YES_ERROR;
				GCC_WARN_UNDECLARED_SELECTOR = YES;
				GCC_WARN_UNINITIALIZED_AUTOS = YES_AGGRESSIVE;
				GCC_WARN_UNUSED_FUNCTION = YES;
				GCC_WARN_UNUSED_VARIABLE = YES;
				IPHONEOS_DEPLOYMENT_TARGET = 18.2;
				LOCALIZATION_PREFERS_STRING_CATALOGS = YES;
				MTL_ENABLE_DEBUG_INFO = INCLUDE_SOURCE;
				MTL_FAST_MATH = YES;
				ONLY_ACTIVE_ARCH = YES;
				SDKROOT = iphoneos;
				SWIFT_ACTIVE_COMPILATION_CONDITIONS = "DEBUG $(inherited)";
				SWIFT_OPTIMIZATION_LEVEL = "-Onone";
			};
			name = Debug;
		};
		CB32C6082E57E1F5006FFB48 /* Release */ = {
			isa = XCBuildConfiguration;
			buildSettings = {
				ALWAYS_SEARCH_USER_PATHS = NO;
				ASSETCATALOG_COMPILER_GENERATE_SWIFT_ASSET_SYMBOL_EXTENSIONS = YES;
				CLANG_ANALYZER_NONNULL = YES;
				CLANG_ANALYZER_NUMBER_OBJECT_CONVERSION = YES_AGGRESSIVE;
				CLANG_CXX_LANGUAGE_STANDARD = "gnu++20";
				CLANG_ENABLE_MODULES = YES;
				CLANG_ENABLE_OBJC_ARC = YES;
				CLANG_ENABLE_OBJC_WEAK = YES;
				CLANG_WARN_BLOCK_CAPTURE_AUTORELEASING = YES;
				CLANG_WARN_BOOL_CONVERSION = YES;
				CLANG_WARN_COMMA = YES;
				CLANG_WARN_CONSTANT_CONVERSION = YES;
				CLANG_WARN_DEPRECATED_OBJC_IMPLEMENTATIONS = YES;
				CLANG_WARN_DIRECT_OBJC_ISA_USAGE = YES_ERROR;
				CLANG_WARN_DOCUMENTATION_COMMENTS = YES;
				CLANG_WARN_EMPTY_BODY = YES;
				CLANG_WARN_ENUM_CONVERSION = YES;
				CLANG_WARN_INFINITE_RECURSION = YES;
				CLANG_WARN_INT_CONVERSION = YES;
				CLANG_WARN_NON_LITERAL_NULL_CONVERSION = YES;
				CLANG_WARN_OBJC_IMPLICIT_RETAIN_SELF = YES;
				CLANG_WARN_OBJC_LITERAL_CONVERSION = YES;
				CLANG_WARN_OBJC_ROOT_CLASS = YES_ERROR;
				CLANG_WARN_QUOTED_INCLUDE_IN_FRAMEWORK_HEADER = YES;
				CLANG_WARN_RANGE_LOOP_ANALYSIS = YES;
				CLANG_WARN_STRICT_PROTOTYPES = YES;
				CLANG_WARN_SUSPICIOUS_MOVE = YES;
				CLANG_WARN_UNGUARDED_AVAILABILITY = YES_AGGRESSIVE;
				CLANG_WARN_UNREACHABLE_CODE = YES;
				CLANG_WARN__DUPLICATE_METHOD_MATCH = YES;
				COPY_PHASE_STRIP = NO;
				DEBUG_INFORMATION_FORMAT = "dwarf-with-dsym";
				ENABLE_NS_ASSERTIONS = NO;
				ENABLE_STRICT_OBJC_MSGSEND = YES;
				ENABLE_USER_SCRIPT_SANDBOXING = YES;
				GCC_C_LANGUAGE_STANDARD = gnu17;
				GCC_NO_COMMON_BLOCKS = YES;
				GCC_WARN_64_TO_32_BIT_CONVERSION = YES;
				GCC_WARN_ABOUT_RETURN_TYPE = YES_ERROR;
				GCC_WARN_UNDECLARED_SELECTOR = YES;
				GCC_WARN_UNINITIALIZED_AUTOS = YES_AGGRESSIVE;
				GCC_WARN_UNUSED_FUNCTION = YES;
				GCC_WARN_UNUSED_VARIABLE = YES;
				IPHONEOS_DEPLOYMENT_TARGET = 18.2;
				LOCALIZATION_PREFERS_STRING_CATALOGS = YES;
				MTL_ENABLE_DEBUG_INFO = NO;
				MTL_FAST_MATH = YES;
				SDKROOT = iphoneos;
				SWIFT_COMPILATION_MODE = wholemodule;
				VALIDATE_PRODUCT = YES;
			};
			name = Release;
		};
		CB32C60A2E57E1F5006FFB48 /* Debug */ = {
			isa = XCBuildConfiguration;
			buildSettings = {
				ASSETCATALOG_COMPILER_APPICON_NAME = AppIcon;
				ASSETCATALOG_COMPILER_GLOBAL_ACCENT_COLOR_NAME = AccentColor;
				CODE_SIGN_ENTITLEMENTS = FocusPlus/FocusPlus.entitlements;
				CODE_SIGN_STYLE = Automatic;
				CURRENT_PROJECT_VERSION = 1;
				DEVELOPMENT_ASSET_PATHS = "\"FocusPlus/Preview Content\"";
				DEVELOPMENT_TEAM = Z2MGX9K6L6;
				ENABLE_PREVIEWS = YES;
				GENERATE_INFOPLIST_FILE = YES;
				INFOPLIST_KEY_UIApplicationSceneManifest_Generation = YES;
				INFOPLIST_KEY_UIApplicationSupportsIndirectInputEvents = YES;
				INFOPLIST_KEY_UILaunchScreen_Generation = YES;
				INFOPLIST_KEY_UISupportedInterfaceOrientations_iPad = "UIInterfaceOrientationPortrait UIInterfaceOrientationPortraitUpsideDown UIInterfaceOrientationLandscapeLeft UIInterfaceOrientationLandscapeRight";
				INFOPLIST_KEY_UISupportedInterfaceOrientations_iPhone = "UIInterfaceOrientationPortrait UIInterfaceOrientationLandscapeLeft UIInterfaceOrientationLandscapeRight";
				LD_RUNPATH_SEARCH_PATHS = (
					"$(inherited)",
					"@executable_path/Frameworks",
				);
				MARKETING_VERSION = 1.0;
				PRODUCT_BUNDLE_IDENTIFIER = com.delmar.FocusPlus;
				PRODUCT_NAME = "$(TARGET_NAME)";
				SWIFT_EMIT_LOC_STRINGS = YES;
				SWIFT_VERSION = 5.0;
				TARGETED_DEVICE_FAMILY = "1,2";
			};
			name = Debug;
		};
		CB32C60B2E57E1F5006FFB48 /* Release */ = {
			isa = XCBuildConfiguration;
			buildSettings = {
				ASSETCATALOG_COMPILER_APPICON_NAME = AppIcon;
				ASSETCATALOG_COMPILER_GLOBAL_ACCENT_COLOR_NAME = AccentColor;
				CODE_SIGN_ENTITLEMENTS = FocusPlus/FocusPlus.entitlements;
				CODE_SIGN_STYLE = Automatic;
				CURRENT_PROJECT_VERSION = 1;
				DEVELOPMENT_ASSET_PATHS = "\"FocusPlus/Preview Content\"";
				DEVELOPMENT_TEAM = Z2MGX9K6L6;
				ENABLE_PREVIEWS = YES;
				GENERATE_INFOPLIST_FILE = YES;
				INFOPLIST_KEY_UIApplicationSceneManifest_Generation = YES;
				INFOPLIST_KEY_UIApplicationSupportsIndirectInputEvents = YES;
				INFOPLIST_KEY_UILaunchScreen_Generation = YES;
				INFOPLIST_KEY_UISupportedInterfaceOrientations_iPad = "UIInterfaceOrientationPortrait UIInterfaceOrientationPortraitUpsideDown UIInterfaceOrientationLandscapeLeft UIInterfaceOrientationLandscapeRight";
				INFOPLIST_KEY_UISupportedInterfaceOrientations_iPhone = "UIInterfaceOrientationPortrait UIInterfaceOrientationLandscapeLeft UIInterfaceOrientationLandscapeRight";
				LD_RUNPATH_SEARCH_PATHS = (
					"$(inherited)",
					"@executable_path/Frameworks",
				);
				MARKETING_VERSION = 1.0;
				PRODUCT_BUNDLE_IDENTIFIER = com.delmar.FocusPlus;
				PRODUCT_NAME = "$(TARGET_NAME)";
				SWIFT_EMIT_LOC_STRINGS = YES;
				SWIFT_VERSION = 5.0;
				TARGETED_DEVICE_FAMILY = "1,2";
			};
			name = Release;
		};
		CB32C60D2E57E1F5006FFB48 /* Debug */ = {
			isa = XCBuildConfiguration;
			buildSettings = {
				BUNDLE_LOADER = "$(TEST_HOST)";
				CODE_SIGN_STYLE = Automatic;
				CURRENT_PROJECT_VERSION = 1;
				DEVELOPMENT_TEAM = Z2MGX9K6L6;
				GENERATE_INFOPLIST_FILE = YES;
				IPHONEOS_DEPLOYMENT_TARGET = 18.2;
				MARKETING_VERSION = 1.0;
				PRODUCT_BUNDLE_IDENTIFIER = com.delmar.FocusPlusTests;
				PRODUCT_NAME = "$(TARGET_NAME)";
				SWIFT_EMIT_LOC_STRINGS = NO;
				SWIFT_VERSION = 5.0;
				TARGETED_DEVICE_FAMILY = "1,2";
				TEST_HOST = "$(BUILT_PRODUCTS_DIR)/FocusPlus.app/$(BUNDLE_EXECUTABLE_FOLDER_PATH)/FocusPlus";
			};
			name = Debug;
		};
		CB32C60E2E57E1F5006FFB48 /* Release */ = {
			isa = XCBuildConfiguration;
			buildSettings = {
				BUNDLE_LOADER = "$(TEST_HOST)";
				CODE_SIGN_STYLE = Automatic;
				CURRENT_PROJECT_VERSION = 1;
				DEVELOPMENT_TEAM = Z2MGX9K6L6;
				GENERATE_INFOPLIST_FILE = YES;
				IPHONEOS_DEPLOYMENT_TARGET = 18.2;
				MARKETING_VERSION = 1.0;
				PRODUCT_BUNDLE_IDENTIFIER = com.delmar.FocusPlusTests;
				PRODUCT_NAME = "$(TARGET_NAME)";
				SWIFT_EMIT_LOC_STRINGS = NO;
				SWIFT_VERSION = 5.0;
				TARGETED_DEVICE_FAMILY = "1,2";
				TEST_HOST = "$(BUILT_PRODUCTS_DIR)/FocusPlus.app/$(BUNDLE_EXECUTABLE_FOLDER_PATH)/FocusPlus";
			};
			name = Release;
		};
		CB32C6102E57E1F5006FFB48 /* Debug */ = {
			isa = XCBuildConfiguration;
			buildSettings = {
				CODE_SIGN_STYLE = Automatic;
				CURRENT_PROJECT_VERSION = 1;
				DEVELOPMENT_TEAM = Z2MGX9K6L6;
				GENERATE_INFOPLIST_FILE = YES;
				MARKETING_VERSION = 1.0;
				PRODUCT_BUNDLE_IDENTIFIER = com.delmar.FocusPlusUITests;
				PRODUCT_NAME = "$(TARGET_NAME)";
				SWIFT_EMIT_LOC_STRINGS = NO;
				SWIFT_VERSION = 5.0;
				TARGETED_DEVICE_FAMILY = "1,2";
				TEST_TARGET_NAME = FocusPlus;
			};
			name = Debug;
		};
		CB32C6112E57E1F5006FFB48 /* Release */ = {
			isa = XCBuildConfiguration;
			buildSettings = {
				CODE_SIGN_STYLE = Automatic;
				CURRENT_PROJECT_VERSION = 1;
				DEVELOPMENT_TEAM = Z2MGX9K6L6;
				GENERATE_INFOPLIST_FILE = YES;
				MARKETING_VERSION = 1.0;
				PRODUCT_BUNDLE_IDENTIFIER = com.delmar.FocusPlusUITests;
				PRODUCT_NAME = "$(TARGET_NAME)";
				SWIFT_EMIT_LOC_STRINGS = NO;
				SWIFT_VERSION = 5.0;
				TARGETED_DEVICE_FAMILY = "1,2";
				TEST_TARGET_NAME = FocusPlus;
			};
			name = Release;
		};
		CBAC72D22E5B576B00234EA8 /* Debug */ = {
			isa = XCBuildConfiguration;
			buildSettings = {
				ASSETCATALOG_COMPILER_GLOBAL_ACCENT_COLOR_NAME = AccentColor;
				ASSETCATALOG_COMPILER_WIDGET_BACKGROUND_COLOR_NAME = WidgetBackground;
				CODE_SIGN_STYLE = Automatic;
				CURRENT_PROJECT_VERSION = 1;
				DEVELOPMENT_TEAM = Z2MGX9K6L6;
				GENERATE_INFOPLIST_FILE = YES;
				INFOPLIST_FILE = FocusPlusWidget/Info.plist;
				INFOPLIST_KEY_CFBundleDisplayName = FocusPlusWidget;
				INFOPLIST_KEY_NSHumanReadableCopyright = "";
				LD_RUNPATH_SEARCH_PATHS = (
					"$(inherited)",
					"@executable_path/Frameworks",
					"@executable_path/../../Frameworks",
				);
				MARKETING_VERSION = 1.0;
				PRODUCT_BUNDLE_IDENTIFIER = com.delmar.FocusPlus.FocusPlusWidget;
				PRODUCT_NAME = "$(TARGET_NAME)";
				SKIP_INSTALL = YES;
				SWIFT_EMIT_LOC_STRINGS = YES;
				SWIFT_VERSION = 5.0;
				TARGETED_DEVICE_FAMILY = "1,2";
			};
			name = Debug;
		};
		CBAC72D32E5B576B00234EA8 /* Release */ = {
			isa = XCBuildConfiguration;
			buildSettings = {
				ASSETCATALOG_COMPILER_GLOBAL_ACCENT_COLOR_NAME = AccentColor;
				ASSETCATALOG_COMPILER_WIDGET_BACKGROUND_COLOR_NAME = WidgetBackground;
				CODE_SIGN_STYLE = Automatic;
				CURRENT_PROJECT_VERSION = 1;
				DEVELOPMENT_TEAM = Z2MGX9K6L6;
				GENERATE_INFOPLIST_FILE = YES;
				INFOPLIST_FILE = FocusPlusWidget/Info.plist;
				INFOPLIST_KEY_CFBundleDisplayName = FocusPlusWidget;
				INFOPLIST_KEY_NSHumanReadableCopyright = "";
				LD_RUNPATH_SEARCH_PATHS = (
					"$(inherited)",
					"@executable_path/Frameworks",
					"@executable_path/../../Frameworks",
				);
				MARKETING_VERSION = 1.0;
				PRODUCT_BUNDLE_IDENTIFIER = com.delmar.FocusPlus.FocusPlusWidget;
				PRODUCT_NAME = "$(TARGET_NAME)";
				SKIP_INSTALL = YES;
				SWIFT_EMIT_LOC_STRINGS = YES;
				SWIFT_VERSION = 5.0;
				TARGETED_DEVICE_FAMILY = "1,2";
			};
			name = Release;
		};
/* End XCBuildConfiguration section */

/* Begin XCConfigurationList section */
		CB32C5DB2E57E1F2006FFB48 /* Build configuration list for PBXProject "FocusPlus" */ = {
			isa = XCConfigurationList;
			buildConfigurations = (
				CB32C6072E57E1F5006FFB48 /* Debug */,
				CB32C6082E57E1F5006FFB48 /* Release */,
			);
			defaultConfigurationIsVisible = 0;
			defaultConfigurationName = Release;
		};
		CB32C6092E57E1F5006FFB48 /* Build configuration list for PBXNativeTarget "FocusPlus" */ = {
			isa = XCConfigurationList;
			buildConfigurations = (
				CB32C60A2E57E1F5006FFB48 /* Debug */,
				CB32C60B2E57E1F5006FFB48 /* Release */,
			);
			defaultConfigurationIsVisible = 0;
			defaultConfigurationName = Release;
		};
		CB32C60C2E57E1F5006FFB48 /* Build configuration list for PBXNativeTarget "FocusPlusTests" */ = {
			isa = XCConfigurationList;
			buildConfigurations = (
				CB32C60D2E57E1F5006FFB48 /* Debug */,
				CB32C60E2E57E1F5006FFB48 /* Release */,
			);
			defaultConfigurationIsVisible = 0;
			defaultConfigurationName = Release;
		};
		CB32C60F2E57E1F5006FFB48 /* Build configuration list for PBXNativeTarget "FocusPlusUITests" */ = {
			isa = XCConfigurationList;
			buildConfigurations = (
				CB32C6102E57E1F5006FFB48 /* Debug */,
				CB32C6112E57E1F5006FFB48 /* Release */,
			);
			defaultConfigurationIsVisible = 0;
			defaultConfigurationName = Release;
		};
		CBAC72D52E5B576B00234EA8 /* Build configuration list for PBXNativeTarget "FocusPlusWidgetExtension" */ = {
			isa = XCConfigurationList;
			buildConfigurations = (
				CBAC72D22E5B576B00234EA8 /* Debug */,
				CBAC72D32E5B576B00234EA8 /* Release */,
			);
			defaultConfigurationIsVisible = 0;
			defaultConfigurationName = Release;
		};
/* End XCConfigurationList section */
	};
	rootObject = CB32C5D82E57E1F2006FFB48 /* Project object */;
}
